<?xml version="1.0" encoding="utf-8"?>
<Project ToolsVersion="4.0" xmlns:atg="http://atg.xbox.com" xmlns="http://schemas.microsoft.com/developer/msbuild/2003">
  <ItemGroup>
    <Filter Include="Resource Files">
      <UniqueIdentifier>{8e114980-c1a3-4ada-ad7c-83caadf5daeb}</UniqueIdentifier>
      <Extensions>rc;ico;cur;bmp;dlg;rc2;rct;bin;rgs;gif;jpg;jpeg;jpe</Extensions>
    </Filter>
    <Filter Include="Shaders">
      <UniqueIdentifier>{2c3d4c8c-5d1a-459a-a05a-a4e4b608a44e}</UniqueIdentifier>
      <Extensions>fx;fxh;hlsl</Extensions>
    </Filter>
    <Filter Include="Header Files">
      <UniqueIdentifier>{f67046cd-c49b-4a3d-9921-2a1e04e7f235}</UniqueIdentifier>
    </Filter>
    <Filter Include="Source Files">
      <UniqueIdentifier>{11a00ebd-23c3-464d-b7c1-c5ac549069da}</UniqueIdentifier>
    </Filter>
  </ItemGroup>
  <ItemGroup>
    <ClCompile Include="Application.cpp">
      <Filter>Source Files</Filter>
    </ClCompile>
    <ClCompile Include="DX11 Framework.cpp">
      <Filter>Source Files</Filter>
    </ClCompile>
    <ClCompile Include="GameObjectManager.cpp">
      <Filter>Source Files</Filter>
    </ClCompile>
    <ClCompile Include="GameObject.cpp">
      <Filter>Source Files</Filter>
    </ClCompile>
    <ClCompile Include="Model.cpp">
      <Filter>Source Files</Filter>
    </ClCompile>
    <ClCompile Include="Material.cpp">
      <Filter>Source Files</Filter>
    </ClCompile>
    <ClCompile Include="Texture.cpp">
      <Filter>Source Files</Filter>
    </ClCompile>
    <ClCompile Include="ShaderManager.cpp">
      <Filter>Source Files</Filter>
    </ClCompile>
    <ClCompile Include="Camera2.cpp">
      <Filter>Source Files</Filter>
    </ClCompile>
    <ClCompile Include="CameraTest.cpp">
      <Filter>Source Files</Filter>
    </ClCompile>
    <ClCompile Include="ModelLoader.cpp">
      <Filter>Source Files</Filter>
    </ClCompile>
    <ClCompile Include="Camera3.cpp">
      <Filter>Source Files</Filter>
    </ClCompile>
  </ItemGroup>
  <ItemGroup>
    <CLInclude Include="resource.h">
      <Filter>Resource Files</Filter>
    </CLInclude>
    <ClInclude Include="Application.h">
      <Filter>Header Files</Filter>
    </ClInclude>
    <ClInclude Include="Struct.h">
      <Filter>Header Files</Filter>
    </ClInclude>
    <ClInclude Include="GameObjectManager.h">
      <Filter>Header Files</Filter>
    </ClInclude>
    <ClInclude Include="GameObject.h">
      <Filter>Header Files</Filter>
    </ClInclude>
    <ClInclude Include="Model.h">
      <Filter>Header Files</Filter>
    </ClInclude>
    <ClInclude Include="Material.h">
      <Filter>Header Files</Filter>
    </ClInclude>
    <ClInclude Include="Texture.h">
      <Filter>Header Files</Filter>
    </ClInclude>
    <ClInclude Include="ShaderManager.h">
      <Filter>Header Files</Filter>
    </ClInclude>
    <ClInclude Include="Camera2.h">
      <Filter>Header Files</Filter>
    </ClInclude>
    <ClInclude Include="CameraTest.h">
      <Filter>Header Files</Filter>
    </ClInclude>
    <ClInclude Include="ModelLoader.h">
      <Filter>Header Files</Filter>
    </ClInclude>
    <ClInclude Include="Camera3.h">
      <Filter>Header Files</Filter>
    </ClInclude>
  </ItemGroup>
  <ItemGroup>
    <None Include="DX11 Framework.fx">
      <Filter>Shaders</Filter>
    </None>
    <None Include="ClassDiagram.cd" />
  </ItemGroup>
  <ItemGroup>
    <ResourceCompile Include="DX11 Framework.rc">
      <Filter>Resource Files</Filter>
    </ResourceCompile>
  </ItemGroup>
</Project>